// !$*UTF8*$!
{
	archiveVersion = 1;
	classes = {
	};
	objectVersion = 63;
	objects = {

/* Begin PBXBuildFile section */
		3096FED92D7F8040BC6D10CC /* ContentView.swift in Sources */ = {isa = PBXBuildFile; fileRef = 8206469270F35D18B715FC21 /* ContentView.swift */; };
		40C1D0BCCCD16281D2D5F18A /* HelpView.swift in Sources */ = {isa = PBXBuildFile; fileRef = 7F3EE650E3AE999F426BED99 /* HelpView.swift */; };
		4D2EE687B472C633E8D23BDE /* Assets.xcassets in Resources */ = {isa = PBXBuildFile; fileRef = 415852A24670B76D71665573 /* Assets.xcassets */; };
		50A9B7628654ABED88B8D4C3 /* DualNBackApp.swift in Sources */ = {isa = PBXBuildFile; fileRef = E42B1047B810AC90B392F281 /* DualNBackApp.swift */; };
		82DACFCC8EC4A898120A8262 /* GameGridView.swift in Sources */ = {isa = PBXBuildFile; fileRef = CE9882F458481FE55C9C5F82 /* GameGridView.swift */; };
		97E8CF55B8D29EFABF904F71 /* StatisticsView.swift in Sources */ = {isa = PBXBuildFile; fileRef = B68A4781B82EAC380C1B5DCA /* StatisticsView.swift */; };
		99C4F5BA3D3405F329AA1279 /* SettingsView.swift in Sources */ = {isa = PBXBuildFile; fileRef = 73E636E7A125A5DFE5E238FE /* SettingsView.swift */; };
		CDC7FC185DE7C9B2DBF6650B /* DualNBackCore in Frameworks */ = {isa = PBXBuildFile; productRef = C0233B0B23B93B055B297314 /* DualNBackCore */; };
/* End PBXBuildFile section */

/* Begin PBXFileReference section */
		03493B2DA805D922C150B61C /* DualNBackCore */ = {isa = PBXFileReference; lastKnownFileType = folder; name = DualNBackCore; path = ../DualNBackCore; sourceTree = SOURCE_ROOT; };
		415852A24670B76D71665573 /* Assets.xcassets */ = {isa = PBXFileReference; lastKnownFileType = folder.assetcatalog; path = Assets.xcassets; sourceTree = "<group>"; };
		73E636E7A125A5DFE5E238FE /* SettingsView.swift */ = {isa = PBXFileReference; lastKnownFileType = sourcecode.swift; path = SettingsView.swift; sourceTree = "<group>"; };
		7F3EE650E3AE999F426BED99 /* HelpView.swift */ = {isa = PBXFileReference; lastKnownFileType = sourcecode.swift; path = HelpView.swift; sourceTree = "<group>"; };
		8206469270F35D18B715FC21 /* ContentView.swift */ = {isa = PBXFileReference; lastKnownFileType = sourcecode.swift; path = ContentView.swift; sourceTree = "<group>"; };
		B68A4781B82EAC380C1B5DCA /* StatisticsView.swift */ = {isa = PBXFileReference; lastKnownFileType = sourcecode.swift; path = StatisticsView.swift; sourceTree = "<group>"; };
		CE9882F458481FE55C9C5F82 /* GameGridView.swift */ = {isa = PBXFileReference; lastKnownFileType = sourcecode.swift; path = GameGridView.swift; sourceTree = "<group>"; };
		E42B1047B810AC90B392F281 /* DualNBackApp.swift */ = {isa = PBXFileReference; lastKnownFileType = sourcecode.swift; path = DualNBackApp.swift; sourceTree = "<group>"; };
		E4F112E47FB2441ECB6D0684 /* Dual N-Back.app */ = {isa = PBXFileReference; explicitFileType = wrapper.application; includeInIndex = 0; path = "Dual N-Back.app"; sourceTree = BUILT_PRODUCTS_DIR; };
/* End PBXFileReference section */

/* Begin PBXFrameworksBuildPhase section */
		09621CF62494F80F81A0061F /* Frameworks */ = {
			isa = PBXFrameworksBuildPhase;
			buildActionMask = 2147483647;
			files = (
				CDC7FC185DE7C9B2DBF6650B /* DualNBackCore in Frameworks */,
			);
			runOnlyForDeploymentPostprocessing = 0;
		};
/* End PBXFrameworksBuildPhase section */

/* Begin PBXGroup section */
		34DE339B826A72800513E3B9 = {
			isa = PBXGroup;
			children = (
				8AFC3E50758F68951A9393CA /* DualNBackiOS */,
				9E6CA9504E75CAD2515B9B4E /* Packages */,
				7CCA8F138CDE6A2A129BD867 /* Products */,
			);
			sourceTree = "<group>";
		};
		7CCA8F138CDE6A2A129BD867 /* Products */ = {
			isa = PBXGroup;
			children = (
				E4F112E47FB2441ECB6D0684 /* Dual N-Back.app */,
			);
			name = Products;
			sourceTree = "<group>";
		};
		8AFC3E50758F68951A9393CA /* DualNBackiOS */ = {
			isa = PBXGroup;
			children = (
				415852A24670B76D71665573 /* Assets.xcassets */,
				E42B1047B810AC90B392F281 /* DualNBackApp.swift */,
				BA1BB8B188357C780F896261 /* Views */,
			);
			name = DualNBackiOS;
			path = Sources/DualNBackiOS;
			sourceTree = "<group>";
		};
		9E6CA9504E75CAD2515B9B4E /* Packages */ = {
			isa = PBXGroup;
			children = (
				03493B2DA805D922C150B61C /* DualNBackCore */,
			);
			name = Packages;
			sourceTree = "<group>";
		};
		BA1BB8B188357C780F896261 /* Views */ = {
			isa = PBXGroup;
			children = (
				8206469270F35D18B715FC21 /* ContentView.swift */,
				CE9882F458481FE55C9C5F82 /* GameGridView.swift */,
				7F3EE650E3AE999F426BED99 /* HelpView.swift */,
				73E636E7A125A5DFE5E238FE /* SettingsView.swift */,
				B68A4781B82EAC380C1B5DCA /* StatisticsView.swift */,
			);
			path = Views;
			sourceTree = "<group>";
		};
/* End PBXGroup section */

/* Begin PBXNativeTarget section */
		D831926E1C2EED5AC2515CF1 /* DualNBackiOS */ = {
			isa = PBXNativeTarget;
			buildConfigurationList = 54AE1177BEED135267550934 /* Build configuration list for PBXNativeTarget "DualNBackiOS" */;
			buildPhases = (
				97F018D9BCF3DB65A189EF38 /* Sources */,
				AFC59C9EE6ABD17F3A2DDA9B /* Resources */,
				09621CF62494F80F81A0061F /* Frameworks */,
			);
			buildRules = (
			);
			dependencies = (
			);
			name = DualNBackiOS;
			packageProductDependencies = (
				C0233B0B23B93B055B297314 /* DualNBackCore */,
			);
			productName = DualNBackiOS;
			productReference = E4F112E47FB2441ECB6D0684 /* Dual N-Back.app */;
			productType = "com.apple.product-type.application";
		};
/* End PBXNativeTarget section */

/* Begin PBXProject section */
		C38CD6EA76D8F8081F92B1D0 /* Project object */ = {
			isa = PBXProject;
			attributes = {
				BuildIndependentTargetsInParallel = YES;
				LastUpgradeCheck = 2640;
				TargetAttributes = {
					D831926E1C2EED5AC2515CF1 = {
						ProvisioningStyle = Automatic;
					};
				};
			};
			buildConfigurationList = 8CF399750434C22FBE7BBF5A /* Build configuration list for PBXProject "DualNBackiOS" */;
			compatibilityVersion = "Xcode 14.0";
			developmentRegion = en;
			hasScannedForEncodings = 0;
			knownRegions = (
				Base,
				en,
			);
			mainGroup = 34DE339B826A72800513E3B9;
			minimizedProjectReferenceProxies = 1;
			packageReferences = (
				5D97C727311F9C8B03955185 /* XCLocalSwiftPackageReference "../DualNBackCore" */,
			);
			projectDirPath = "";
			projectRoot = "";
			targets = (
				D831926E1C2EED5AC2515CF1 /* DualNBackiOS */,
			);
		};
/* End PBXProject section */

/* Begin PBXResourcesBuildPhase section */
		AFC59C9EE6ABD17F3A2DDA9B /* Resources */ = {
			isa = PBXResourcesBuildPhase;
			buildActionMask = 2147483647;
			files = (
				4D2EE687B472C633E8D23BDE /* Assets.xcassets in Resources */,
			);
			runOnlyForDeploymentPostprocessing = 0;
		};
/* End PBXResourcesBuildPhase section */

/* Begin PBXSourcesBuildPhase section */
		97F018D9BCF3DB65A189EF38 /* Sources */ = {
			isa = PBXSourcesBuildPhase;
			buildActionMask = 2147483647;
			files = (
				3096FED92D7F8040BC6D10CC /* ContentView.swift in Sources */,
				50A9B7628654ABED88B8D4C3 /* DualNBackApp.swift in Sources */,
				82DACFCC8EC4A898120A8262 /* GameGridView.swift in Sources */,
				40C1D0BCCCD16281D2D5F18A /* HelpView.swift in Sources */,
				99C4F5BA3D3405F329AA1279 /* SettingsView.swift in Sources */,
				97E8CF55B8D29EFABF904F71 /* StatisticsView.swift in Sources */,
			);
			runOnlyForDeploymentPostprocessing = 0;
		};
/* End PBXSourcesBuildPhase section */

/* Begin XCBuildConfiguration section */
		394698E1F6B1F1077A21E447 /* Debug */ = {
			isa = XCBuildConfiguration;
			buildSettings = {
				ALWAYS_SEARCH_USER_PATHS = NO;
				CLANG_ANALYZER_NONNULL = YES;
				CLANG_ANALYZER_NUMBER_OBJECT_CONVERSION = YES_AGGRESSIVE;
				CLANG_CXX_LANGUAGE_STANDARD = "gnu++14";
				CLANG_CXX_LIBRARY = "libc++";
				CLANG_ENABLE_MODULES = YES;
				CLANG_ENABLE_OBJC_ARC = YES;
				CLANG_ENABLE_OBJC_WEAK = YES;
				CLANG_WARN_BLOCK_CAPTURE_AUTORELEASING = YES;
				CLANG_WARN_BOOL_CONVERSION = YES;
				CLANG_WARN_COMMA = YES;
				CLANG_WARN_CONSTANT_CONVERSION = YES;
				CLANG_WARN_DEPRECATED_OBJC_IMPLEMENTATIONS = YES;
				CLANG_WARN_DIRECT_OBJC_ISA_USAGE = YES_ERROR;
				CLANG_WARN_DOCUMENTATION_COMMENTS = YES;
				CLANG_WARN_EMPTY_BODY = YES;
				CLANG_WARN_ENUM_CONVERSION = YES;
				CLANG_WARN_INFINITE_RECURSION = YES;
				CLANG_WARN_INT_CONVERSION = YES;
				CLANG_WARN_NON_LITERAL_NULL_CONVERSION = YES;
				CLANG_WARN_OBJC_IMPLICIT_RETAIN_SELF = YES;
				CLANG_WARN_OBJC_LITERAL_CONVERSION = YES;
				CLANG_WARN_OBJC_ROOT_CLASS = YES_ERROR;
				CLANG_WARN_QUOTED_INCLUDE_IN_FRAMEWORK_HEADER = YES;
				CLANG_WARN_RANGE_LOOP_ANALYSIS = YES;
				CLANG_WARN_STRICT_PROTOTYPES = YES;
				CLANG_WARN_SUSPICIOUS_MOVE = YES;
				CLANG_WARN_UNGUARDED_AVAILABILITY = YES_AGGRESSIVE;
				CLANG_WARN_UNREACHABLE_CODE = YES;
				CLANG_WARN__DUPLICATE_METHOD_MATCH = YES;
				COPY_PHASE_STRIP = NO;
				DEBUG_INFORMATION_FORMAT = dwarf;
				DEVELOPMENT_TEAM = RFZFA94MXQ;
				ENABLE_STRICT_OBJC_MSGSEND = YES;
				ENABLE_TESTABILITY = YES;
				ENABLE_USER_SCRIPT_SANDBOXING = YES;
				GCC_C_LANGUAGE_STANDARD = gnu11;
				GCC_DYNAMIC_NO_PIC = NO;
				GCC_NO_COMMON_BLOCKS = YES;
				GCC_OPTIMIZATION_LEVEL = 0;
				GCC_PREPROCESSOR_DEFINITIONS = (
					"$(inherited)",
					"DEBUG=1",
				);
				GCC_WARN_64_TO_32_BIT_CONVERSION = YES;
				GCC_WARN_ABOUT_RETURN_TYPE = YES_ERROR;
				GCC_WARN_UNDECLARED_SELECTOR = YES;
				GCC_WARN_UNINITIALIZED_AUTOS = YES_AGGRESSIVE;
				GCC_WARN_UNUSED_FUNCTION = YES;
				GCC_WARN_UNUSED_VARIABLE = YES;
				IPHONEOS_DEPLOYMENT_TARGET = 16.0;
				MTL_ENABLE_DEBUG_INFO = INCLUDE_SOURCE;
				MTL_FAST_MATH = YES;
				ONLY_ACTIVE_ARCH = YES;
				PRODUCT_BUNDLE_IDENTIFIER = io.dualnback.ios;
				PRODUCT_NAME = "$(TARGET_NAME)";
				SDKROOT = iphoneos;
				STRING_CATALOG_GENERATE_SYMBOLS = YES;
				SWIFT_ACTIVE_COMPILATION_CONDITIONS = DEBUG;
				SWIFT_OPTIMIZATION_LEVEL = "-Onone";
				SWIFT_VERSION = 5.1;
			};
			name = Debug;
		};
		BB0038FA5D076BAE1D53859F /* Debug */ = {
			isa = XCBuildConfiguration;
			buildSettings = {
				ASSETCATALOG_COMPILER_APPICON_NAME = AppIcon;
				ASSETCATALOG_COMPILER_GLOBAL_ACCENT_COLOR_NAME = AccentColor;
				CODE_SIGN_IDENTITY = "iPhone Developer";
				CODE_SIGN_STYLE = Automatic;
				CURRENT_PROJECT_VERSION = 1;
				GENERATE_INFOPLIST_FILE = YES;
				INFOPLIST_KEY_CFBundleDisplayName = "Dual N-Back";
				INFOPLIST_KEY_CFBundleName = "Dual N-Back";
				INFOPLIST_KEY_CFBundleShortVersionString = "$(MARKETING_VERSION)";
				INFOPLIST_KEY_CFBundleVersion = "$(CURRENT_PROJECT_VERSION)";
				INFOPLIST_KEY_UILaunchScreen_Generation = YES;
				INFOPLIST_KEY_UISupportedInterfaceOrientations_iPad = "UIInterfaceOrientationPortrait UIInterfaceOrientationPortraitUpsideDown UIInterfaceOrientationLandscapeLeft UIInterfaceOrientationLandscapeRight";
				INFOPLIST_KEY_UISupportedInterfaceOrientations_iPhone = "UIInterfaceOrientationPortrait UIInterfaceOrientationLandscapeLeft UIInterfaceOrientationLandscapeRight";
				IPHONEOS_DEPLOYMENT_TARGET = 16.0;
				LD_RUNPATH_SEARCH_PATHS = (
					"$(inherited)",
					"@executable_path/Frameworks",
				);
				MARKETING_VERSION = 1.0.0;
				PRODUCT_NAME = "Dual N-Back";
				SDKROOT = iphoneos;
				TARGETED_DEVICE_FAMILY = "1,2";
			};
			name = Debug;
		};
		BE4B3680995DD87770ECD289 /* Release */ = {
			isa = XCBuildConfiguration;
			buildSettings = {
				ALWAYS_SEARCH_USER_PATHS = NO;
				CLANG_ANALYZER_NONNULL = YES;
				CLANG_ANALYZER_NUMBER_OBJECT_CONVERSION = YES_AGGRESSIVE;
				CLANG_CXX_LANGUAGE_STANDARD = "gnu++14";
				CLANG_CXX_LIBRARY = "libc++";
				CLANG_ENABLE_MODULES = YES;
				CLANG_ENABLE_OBJC_ARC = YES;
				CLANG_ENABLE_OBJC_WEAK = YES;
				CLANG_WARN_BLOCK_CAPTURE_AUTORELEASING = YES;
				CLANG_WARN_BOOL_CONVERSION = YES;
				CLANG_WARN_COMMA = YES;
				CLANG_WARN_CONSTANT_CONVERSION = YES;
				CLANG_WARN_DEPRECATED_OBJC_IMPLEMENTATIONS = YES;
				CLANG_WARN_DIRECT_OBJC_ISA_USAGE = YES_ERROR;
				CLANG_WARN_DOCUMENTATION_COMMENTS = YES;
				CLANG_WARN_EMPTY_BODY = YES;
				CLANG_WARN_ENUM_CONVERSION = YES;
				CLANG_WARN_INFINITE_RECURSION = YES;
				CLANG_WARN_INT_CONVERSION = YES;
				CLANG_WARN_NON_LITERAL_NULL_CONVERSION = YES;
				CLANG_WARN_OBJC_IMPLICIT_RETAIN_SELF = YES;
				CLANG_WARN_OBJC_LITERAL_CONVERSION = YES;
				CLANG_WARN_OBJC_ROOT_CLASS = YES_ERROR;
				CLANG_WARN_QUOTED_INCLUDE_IN_FRAMEWORK_HEADER = YES;
				CLANG_WARN_RANGE_LOOP_ANALYSIS = YES;
				CLANG_WARN_STRICT_PROTOTYPES = YES;
				CLANG_WARN_SUSPICIOUS_MOVE = YES;
				CLANG_WARN_UNGUARDED_AVAILABILITY = YES_AGGRESSIVE;
				CLANG_WARN_UNREACHABLE_CODE = YES;
				CLANG_WARN__DUPLICATE_METHOD_MATCH = YES;
				COPY_PHASE_STRIP = NO;
				DEBUG_INFORMATION_FORMAT = "dwarf-with-dsym";
				DEVELOPMENT_TEAM = RFZFA94MXQ;
				ENABLE_NS_ASSERTIONS = NO;
				ENABLE_STRICT_OBJC_MSGSEND = YES;
				ENABLE_USER_SCRIPT_SANDBOXING = YES;
				GCC_C_LANGUAGE_STANDARD = gnu11;
				GCC_NO_COMMON_BLOCKS = YES;
				GCC_WARN_64_TO_32_BIT_CONVERSION = YES;
				GCC_WARN_ABOUT_RETURN_TYPE = YES_ERROR;
				GCC_WARN_UNDECLARED_SELECTOR = YES;
				GCC_WARN_UNINITIALIZED_AUTOS = YES_AGGRESSIVE;
				GCC_WARN_UNUSED_FUNCTION = YES;
				GCC_WARN_UNUSED_VARIABLE = YES;
				IPHONEOS_DEPLOYMENT_TARGET = 16.0;
				MTL_ENABLE_DEBUG_INFO = NO;
				MTL_FAST_MATH = YES;
				PRODUCT_BUNDLE_IDENTIFIER = io.dualnback.ios;
				PRODUCT_NAME = "$(TARGET_NAME)";
				SDKROOT = iphoneos;
				STRING_CATALOG_GENERATE_SYMBOLS = YES;
				SWIFT_COMPILATION_MODE = wholemodule;
				SWIFT_OPTIMIZATION_LEVEL = "-O";
				SWIFT_VERSION = 5.1;
			};
			name = Release;
		};
		CDD9DB473E28076A38949404 /* Release */ = {
			isa = XCBuildConfiguration;
			buildSettings = {
				ASSETCATALOG_COMPILER_APPICON_NAME = AppIcon;
				ASSETCATALOG_COMPILER_GLOBAL_ACCENT_COLOR_NAME = AccentColor;
				CODE_SIGN_IDENTITY = "iPhone Developer";
				CODE_SIGN_STYLE = Automatic;
				CURRENT_PROJECT_VERSION = 1;
				GENERATE_INFOPLIST_FILE = YES;
				INFOPLIST_KEY_CFBundleDisplayName = "Dual N-Back";
				INFOPLIST_KEY_CFBundleName = "Dual N-Back";
				INFOPLIST_KEY_CFBundleShortVersionString = "$(MARKETING_VERSION)";
				INFOPLIST_KEY_CFBundleVersion = "$(CURRENT_PROJECT_VERSION)";
				INFOPLIST_KEY_UILaunchScreen_Generation = YES;
				INFOPLIST_KEY_UISupportedInterfaceOrientations_iPad = "UIInterfaceOrientationPortrait UIInterfaceOrientationPortraitUpsideDown UIInterfaceOrientationLandscapeLeft UIInterfaceOrientationLandscapeRight";
				INFOPLIST_KEY_UISupportedInterfaceOrientations_iPhone = "UIInterfaceOrientationPortrait UIInterfaceOrientationLandscapeLeft UIInterfaceOrientationLandscapeRight";
				IPHONEOS_DEPLOYMENT_TARGET = 16.0;
				LD_RUNPATH_SEARCH_PATHS = (
					"$(inherited)",
					"@executable_path/Frameworks",
				);
				MARKETING_VERSION = 1.0.0;
				PRODUCT_NAME = "Dual N-Back";
				SDKROOT = iphoneos;
				TARGETED_DEVICE_FAMILY = "1,2";
			};
			name = Release;
		};
/* End XCBuildConfiguration section */

/* Begin XCConfigurationList section */
		54AE1177BEED135267550934 /* Build configuration list for PBXNativeTarget "DualNBackiOS" */ = {
			isa = XCConfigurationList;
			buildConfigurations = (
				BB0038FA5D076BAE1D53859F /* Debug */,
				CDD9DB473E28076A38949404 /* Release */,
			);
			defaultConfigurationIsVisible = 0;
			defaultConfigurationName = Debug;
		};
		8CF399750434C22FBE7BBF5A /* Build configuration list for PBXProject "DualNBackiOS" */ = {
			isa = XCConfigurationList;
			buildConfigurations = (
				394698E1F6B1F1077A21E447 /* Debug */,
				BE4B3680995DD87770ECD289 /* Release */,
			);
			defaultConfigurationIsVisible = 0;
			defaultConfigurationName = Debug;
		};
/* End XCConfigurationList section */

/* Begin XCLocalSwiftPackageReference section */
		5D97C727311F9C8B03955185 /* XCLocalSwiftPackageReference "../DualNBackCore" */ = {
			isa = XCLocalSwiftPackageReference;
			relativePath = ../DualNBackCore;
		};
/* End XCLocalSwiftPackageReference section */

/* Begin XCSwiftPackageProductDependency section */
		C0233B0B23B93B055B297314 /* DualNBackCore */ = {
			isa = XCSwiftPackageProductDependency;
			productName = DualNBackCore;
		};
/* End XCSwiftPackageProductDependency section */
	};
	rootObject = C38CD6EA76D8F8081F92B1D0 /* Project object */;
}
